
Microsoft Visual Studio Solution File, Format Version 12.00
# Visual Studio Version 16
VisualStudioVersion = 16.0.31402.337
MinimumVisualStudioVersion = 10.0.40219.1
Project("{FAE04EC0-301F-11D3-BF4B-00C04F79EFBC}") = "PoshGremlin", "PoshGremlin\PoshGremlin.csproj", "{2B4C8BF6-B6CE-452F-A4F1-D8CA10CA4528}"
EndProject
Global
	GlobalSection(SolutionConfigurationPlatforms) = preSolution
		Debug|Any CPU = Debug|Any CPU
		Release|Any CPU = Release|Any CPU
	EndGlobalSection
	GlobalSection(ProjectConfigurationPlatforms) = postSolution
		{2B4C8BF6-B6CE-452F-A4F1-D8CA10CA4528}.Debug|Any CPU.ActiveCfg = Debug|Any CPU
		{2B4C8BF6-B6CE-452F-A4F1-D8CA10CA4528}.Debug|Any CPU.Build.0 = Debug|Any CPU
		{2B4C8BF6-B6CE-452F-A4F1-D8CA10CA4528}.Release|Any CPU.ActiveCfg = Release|Any CPU
		{2B4C8BF6-B6CE-452F-A4F1-D8CA10CA4528}.Release|Any CPU.Build.0 = Release|Any CPU
	EndGlobalSection
	GlobalSection(SolutionProperties) = preSolution
		HideSolutionNode = FALSE
	EndGlobalSection
	GlobalSection(ExtensibilityGlobals) = postSolution
		SolutionGuid = {99CF01D6-D98F-4C66-AD45-50A791B66244}
	EndGlobalSection
EndGlobal
